
Microsoft Visual Studio Solution File, Format Version 12.00
# Visual Studio Version 17
VisualStudioVersion = 17.14.36616.10 d17.14
MinimumVisualStudioVersion = 10.0.40219.1
Project("{FAE04EC0-301F-11D3-BF4B-00C04F79EFBC}") = "Course-Managemnt-system", "Course-Managemnt-system\Course-Managemnt-system.csproj", "{4A2C80BA-3751-4768-AFCE-7325F289D243}"
EndProject
Global
	GlobalSection(SolutionConfigurationPlatforms) = preSolution
		Debug|Any CPU = Debug|Any CPU
		Release|Any CPU = Release|Any CPU
	EndGlobalSection
	GlobalSection(ProjectConfigurationPlatforms) = postSolution
		{4A2C80BA-3751-4768-AFCE-7325F289D243}.Debug|Any CPU.ActiveCfg = Debug|Any CPU
		{4A2C80BA-3751-4768-AFCE-7325F289D243}.Debug|Any CPU.Build.0 = Debug|Any CPU
		{4A2C80BA-3751-4768-AFCE-7325F289D243}.Release|Any CPU.ActiveCfg = Release|Any CPU
		{4A2C80BA-3751-4768-AFCE-7325F289D243}.Release|Any CPU.Build.0 = Release|Any CPU
	EndGlobalSection
	GlobalSection(SolutionProperties) = preSolution
		HideSolutionNode = FALSE
	EndGlobalSection
	GlobalSection(ExtensibilityGlobals) = postSolution
		SolutionGuid = {5CB3670D-E02D-432E-A447-E8955FD1CE9C}
	EndGlobalSection
EndGlobal
